// !$*UTF8*$!
{
	archiveVersion = 1;
	classes = {
	};
	objectVersion = 50;
	objects = {

/* Begin PBXBuildFile section */
		E484ABF42730143600110584 /* AppDelegate.swift in Sources */ = {isa = PBXBuildFile; fileRef = E484ABF32730143600110584 /* AppDelegate.swift */; };
		E484ABF62730143600110584 /* SceneDelegate.swift in Sources */ = {isa = PBXBuildFile; fileRef = E484ABF52730143600110584 /* SceneDelegate.swift */; };
		E484ABF82730143600110584 /* ContentView.swift in Sources */ = {isa = PBXBuildFile; fileRef = E484ABF72730143600110584 /* ContentView.swift */; };
		E484ABFB2730143600110584 /* Facebook.xcdatamodeld in Sources */ = {isa = PBXBuildFile; fileRef = E484ABF92730143600110584 /* Facebook.xcdatamodeld */; };
		E484ABFD2730143600110584 /* Assets.xcassets in Resources */ = {isa = PBXBuildFile; fileRef = E484ABFC2730143600110584 /* Assets.xcassets */; };
		E484AC002730143600110584 /* Preview Assets.xcassets in Resources */ = {isa = PBXBuildFile; fileRef = E484ABFF2730143600110584 /* Preview Assets.xcassets */; };
		E484AC032730143600110584 /* LaunchScreen.storyboard in Resources */ = {isa = PBXBuildFile; fileRef = E484AC012730143600110584 /* LaunchScreen.storyboard */; };
		E484AC0D2730147B00110584 /* Home.swift in Sources */ = {isa = PBXBuildFile; fileRef = E484AC0C2730147B00110584 /* Home.swift */; };
		E484AC122730298D00110584 /* RoomItem.swift in Sources */ = {isa = PBXBuildFile; fileRef = E484AC112730298D00110584 /* RoomItem.swift */; };
		E484AC1427302CAA00110584 /* StoryItem.swift in Sources */ = {isa = PBXBuildFile; fileRef = E484AC1327302CAA00110584 /* StoryItem.swift */; };
		E484AC16273036BD00110584 /* PostItem.swift in Sources */ = {isa = PBXBuildFile; fileRef = E484AC15273036BD00110584 /* PostItem.swift */; };
		E484AC18273169F000110584 /* CreateRoom.swift in Sources */ = {isa = PBXBuildFile; fileRef = E484AC17273169F000110584 /* CreateRoom.swift */; };
		E484AC1A27316D3000110584 /* CreateStrory.swift in Sources */ = {isa = PBXBuildFile; fileRef = E484AC1927316D3000110584 /* CreateStrory.swift */; };
		E484AC1C273176A900110584 /* ProfileItem.swift in Sources */ = {isa = PBXBuildFile; fileRef = E484AC1B273176A900110584 /* ProfileItem.swift */; };
		E484AC1E27317DE600110584 /* PostItem2image.swift in Sources */ = {isa = PBXBuildFile; fileRef = E484AC1D27317DE600110584 /* PostItem2image.swift */; };
/* End PBXBuildFile section */

/* Begin PBXFileReference section */
		E484ABF02730143600110584 /* Facebook.app */ = {isa = PBXFileReference; explicitFileType = wrapper.application; includeInIndex = 0; path = Facebook.app; sourceTree = BUILT_PRODUCTS_DIR; };
		E484ABF32730143600110584 /* AppDelegate.swift */ = {isa = PBXFileReference; lastKnownFileType = sourcecode.swift; path = AppDelegate.swift; sourceTree = "<group>"; };
		E484ABF52730143600110584 /* SceneDelegate.swift */ = {isa = PBXFileReference; lastKnownFileType = sourcecode.swift; path = SceneDelegate.swift; sourceTree = "<group>"; };
		E484ABF72730143600110584 /* ContentView.swift */ = {isa = PBXFileReference; lastKnownFileType = sourcecode.swift; path = ContentView.swift; sourceTree = "<group>"; };
		E484ABFA2730143600110584 /* Facebook.xcdatamodel */ = {isa = PBXFileReference; lastKnownFileType = wrapper.xcdatamodel; path = Facebook.xcdatamodel; sourceTree = "<group>"; };
		E484ABFC2730143600110584 /* Assets.xcassets */ = {isa = PBXFileReference; lastKnownFileType = folder.assetcatalog; path = Assets.xcassets; sourceTree = "<group>"; };
		E484ABFF2730143600110584 /* Preview Assets.xcassets */ = {isa = PBXFileReference; lastKnownFileType = folder.assetcatalog; path = "Preview Assets.xcassets"; sourceTree = "<group>"; };
		E484AC022730143600110584 /* Base */ = {isa = PBXFileReference; lastKnownFileType = file.storyboard; name = Base; path = Base.lproj/LaunchScreen.storyboard; sourceTree = "<group>"; };
		E484AC042730143600110584 /* Info.plist */ = {isa = PBXFileReference; lastKnownFileType = text.plist.xml; path = Info.plist; sourceTree = "<group>"; };
		E484AC0C2730147B00110584 /* Home.swift */ = {isa = PBXFileReference; lastKnownFileType = sourcecode.swift; path = Home.swift; sourceTree = "<group>"; };
		E484AC112730298D00110584 /* RoomItem.swift */ = {isa = PBXFileReference; lastKnownFileType = sourcecode.swift; path = RoomItem.swift; sourceTree = "<group>"; };
		E484AC1327302CAA00110584 /* StoryItem.swift */ = {isa = PBXFileReference; lastKnownFileType = sourcecode.swift; path = StoryItem.swift; sourceTree = "<group>"; };
		E484AC15273036BD00110584 /* PostItem.swift */ = {isa = PBXFileReference; lastKnownFileType = sourcecode.swift; path = PostItem.swift; sourceTree = "<group>"; };
		E484AC17273169F000110584 /* CreateRoom.swift */ = {isa = PBXFileReference; lastKnownFileType = sourcecode.swift; path = CreateRoom.swift; sourceTree = "<group>"; };
		E484AC1927316D3000110584 /* CreateStrory.swift */ = {isa = PBXFileReference; lastKnownFileType = sourcecode.swift; path = CreateStrory.swift; sourceTree = "<group>"; };
		E484AC1B273176A900110584 /* ProfileItem.swift */ = {isa = PBXFileReference; lastKnownFileType = sourcecode.swift; path = ProfileItem.swift; sourceTree = "<group>"; };
		E484AC1D27317DE600110584 /* PostItem2image.swift */ = {isa = PBXFileReference; lastKnownFileType = sourcecode.swift; path = PostItem2image.swift; sourceTree = "<group>"; };
/* End PBXFileReference section */

/* Begin PBXFrameworksBuildPhase section */
		E484ABED2730143600110584 /* Frameworks */ = {
			isa = PBXFrameworksBuildPhase;
			buildActionMask = 2147483647;
			files = (
			);
			runOnlyForDeploymentPostprocessing = 0;
		};
/* End PBXFrameworksBuildPhase section */

/* Begin PBXGroup section */
		E484ABE72730143500110584 = {
			isa = PBXGroup;
			children = (
				E484ABF22730143600110584 /* Facebook */,
				E484ABF12730143600110584 /* Products */,
			);
			sourceTree = "<group>";
		};
		E484ABF12730143600110584 /* Products */ = {
			isa = PBXGroup;
			children = (
				E484ABF02730143600110584 /* Facebook.app */,
			);
			name = Products;
			sourceTree = "<group>";
		};
		E484ABF22730143600110584 /* Facebook */ = {
			isa = PBXGroup;
			children = (
				E484AC0E2730294F00110584 /* Cells */,
				E484AC0B2730146C00110584 /* Screens */,
				E484ABF32730143600110584 /* AppDelegate.swift */,
				E484ABF52730143600110584 /* SceneDelegate.swift */,
				E484AC042730143600110584 /* Info.plist */,
				E484AC0A2730144400110584 /* AppBox */,
				E484ABFE2730143600110584 /* Preview Content */,
			);
			path = Facebook;
			sourceTree = "<group>";
		};
		E484ABFE2730143600110584 /* Preview Content */ = {
			isa = PBXGroup;
			children = (
				E484ABFF2730143600110584 /* Preview Assets.xcassets */,
			);
			path = "Preview Content";
			sourceTree = "<group>";
		};
		E484AC0A2730144400110584 /* AppBox */ = {
			isa = PBXGroup;
			children = (
				E484ABF92730143600110584 /* Facebook.xcdatamodeld */,
				E484AC012730143600110584 /* LaunchScreen.storyboard */,
				E484ABFC2730143600110584 /* Assets.xcassets */,
				E484ABF72730143600110584 /* ContentView.swift */,
			);
			path = AppBox;
			sourceTree = "<group>";
		};
		E484AC0B2730146C00110584 /* Screens */ = {
			isa = PBXGroup;
			children = (
				E484AC0C2730147B00110584 /* Home.swift */,
			);
			path = Screens;
			sourceTree = "<group>";
		};
		E484AC0E2730294F00110584 /* Cells */ = {
			isa = PBXGroup;
			children = (
				E484AC112730298D00110584 /* RoomItem.swift */,
				E484AC1327302CAA00110584 /* StoryItem.swift */,
				E484AC15273036BD00110584 /* PostItem.swift */,
				E484AC17273169F000110584 /* CreateRoom.swift */,
				E484AC1927316D3000110584 /* CreateStrory.swift */,
				E484AC1B273176A900110584 /* ProfileItem.swift */,
				E484AC1D27317DE600110584 /* PostItem2image.swift */,
			);
			path = Cells;
			sourceTree = "<group>";
		};
/* End PBXGroup section */

/* Begin PBXNativeTarget section */
		E484ABEF2730143600110584 /* Facebook */ = {
			isa = PBXNativeTarget;
			buildConfigurationList = E484AC072730143600110584 /* Build configuration list for PBXNativeTarget "Facebook" */;
			buildPhases = (
				E484ABEC2730143600110584 /* Sources */,
				E484ABED2730143600110584 /* Frameworks */,
				E484ABEE2730143600110584 /* Resources */,
			);
			buildRules = (
			);
			dependencies = (
			);
			name = Facebook;
			productName = Facebook;
			productReference = E484ABF02730143600110584 /* Facebook.app */;
			productType = "com.apple.product-type.application";
		};
/* End PBXNativeTarget section */

/* Begin PBXProject section */
		E484ABE82730143500110584 /* Project object */ = {
			isa = PBXProject;
			attributes = {
				LastSwiftUpdateCheck = 1250;
				LastUpgradeCheck = 1250;
				TargetAttributes = {
					E484ABEF2730143600110584 = {
						CreatedOnToolsVersion = 12.5.1;
					};
				};
			};
			buildConfigurationList = E484ABEB2730143500110584 /* Build configuration list for PBXProject "Facebook" */;
			compatibilityVersion = "Xcode 9.3";
			developmentRegion = en;
			hasScannedForEncodings = 0;
			knownRegions = (
				en,
				Base,
			);
			mainGroup = E484ABE72730143500110584;
			productRefGroup = E484ABF12730143600110584 /* Products */;
			projectDirPath = "";
			projectRoot = "";
			targets = (
				E484ABEF2730143600110584 /* Facebook */,
			);
		};
/* End PBXProject section */

/* Begin PBXResourcesBuildPhase section */
		E484ABEE2730143600110584 /* Resources */ = {
			isa = PBXResourcesBuildPhase;
			buildActionMask = 2147483647;
			files = (
				E484AC032730143600110584 /* LaunchScreen.storyboard in Resources */,
				E484AC002730143600110584 /* Preview Assets.xcassets in Resources */,
				E484ABFD2730143600110584 /* Assets.xcassets in Resources */,
			);
			runOnlyForDeploymentPostprocessing = 0;
		};
/* End PBXResourcesBuildPhase section */

/* Begin PBXSourcesBuildPhase section */
		E484ABEC2730143600110584 /* Sources */ = {
			isa = PBXSourcesBuildPhase;
			buildActionMask = 2147483647;
			files = (
				E484ABF42730143600110584 /* AppDelegate.swift in Sources */,
				E484AC1C273176A900110584 /* ProfileItem.swift in Sources */,
				E484ABF62730143600110584 /* SceneDelegate.swift in Sources */,
				E484AC1A27316D3000110584 /* CreateStrory.swift in Sources */,
				E484AC0D2730147B00110584 /* Home.swift in Sources */,
				E484AC1E27317DE600110584 /* PostItem2image.swift in Sources */,
				E484AC1427302CAA00110584 /* StoryItem.swift in Sources */,
				E484ABF82730143600110584 /* ContentView.swift in Sources */,
				E484AC18273169F000110584 /* CreateRoom.swift in Sources */,
				E484ABFB2730143600110584 /* Facebook.xcdatamodeld in Sources */,
				E484AC16273036BD00110584 /* PostItem.swift in Sources */,
				E484AC122730298D00110584 /* RoomItem.swift in Sources */,
			);
			runOnlyForDeploymentPostprocessing = 0;
		};
/* End PBXSourcesBuildPhase section */

/* Begin PBXVariantGroup section */
		E484AC012730143600110584 /* LaunchScreen.storyboard */ = {
			isa = PBXVariantGroup;
			children = (
				E484AC022730143600110584 /* Base */,
			);
			name = LaunchScreen.storyboard;
			sourceTree = "<group>";
		};
/* End PBXVariantGroup section */

/* Begin XCBuildConfiguration section */
		E484AC052730143600110584 /* Debug */ = {
			isa = XCBuildConfiguration;
			buildSettings = {
				ALWAYS_SEARCH_USER_PATHS = NO;
				CLANG_ANALYZER_NONNULL = YES;
				CLANG_ANALYZER_NUMBER_OBJECT_CONVERSION = YES_AGGRESSIVE;
				CLANG_CXX_LANGUAGE_STANDARD = "gnu++14";
				CLANG_CXX_LIBRARY = "libc++";
				CLANG_ENABLE_MODULES = YES;
				CLANG_ENABLE_OBJC_ARC = YES;
				CLANG_ENABLE_OBJC_WEAK = YES;
				CLANG_WARN_BLOCK_CAPTURE_AUTORELEASING = YES;
				CLANG_WARN_BOOL_CONVERSION = YES;
				CLANG_WARN_COMMA = YES;
				CLANG_WARN_CONSTANT_CONVERSION = YES;
				CLANG_WARN_DEPRECATED_OBJC_IMPLEMENTATIONS = YES;
				CLANG_WARN_DIRECT_OBJC_ISA_USAGE = YES_ERROR;
				CLANG_WARN_DOCUMENTATION_COMMENTS = YES;
				CLANG_WARN_EMPTY_BODY = YES;
				CLANG_WARN_ENUM_CONVERSION = YES;
				CLANG_WARN_INFINITE_RECURSION = YES;
				CLANG_WARN_INT_CONVERSION = YES;
				CLANG_WARN_NON_LITERAL_NULL_CONVERSION = YES;
				CLANG_WARN_OBJC_IMPLICIT_RETAIN_SELF = YES;
				CLANG_WARN_OBJC_LITERAL_CONVERSION = YES;
				CLANG_WARN_OBJC_ROOT_CLASS = YES_ERROR;
				CLANG_WARN_QUOTED_INCLUDE_IN_FRAMEWORK_HEADER = YES;
				CLANG_WARN_RANGE_LOOP_ANALYSIS = YES;
				CLANG_WARN_STRICT_PROTOTYPES = YES;
				CLANG_WARN_SUSPICIOUS_MOVE = YES;
				CLANG_WARN_UNGUARDED_AVAILABILITY = YES_AGGRESSIVE;
				CLANG_WARN_UNREACHABLE_CODE = YES;
				CLANG_WARN__DUPLICATE_METHOD_MATCH = YES;
				COPY_PHASE_STRIP = NO;
				DEBUG_INFORMATION_FORMAT = dwarf;
				ENABLE_STRICT_OBJC_MSGSEND = YES;
				ENABLE_TESTABILITY = YES;
				GCC_C_LANGUAGE_STANDARD = gnu11;
				GCC_DYNAMIC_NO_PIC = NO;
				GCC_NO_COMMON_BLOCKS = YES;
				GCC_OPTIMIZATION_LEVEL = 0;
				GCC_PREPROCESSOR_DEFINITIONS = (
					"DEBUG=1",
					"$(inherited)",
				);
				GCC_WARN_64_TO_32_BIT_CONVERSION = YES;
				GCC_WARN_ABOUT_RETURN_TYPE = YES_ERROR;
				GCC_WARN_UNDECLARED_SELECTOR = YES;
				GCC_WARN_UNINITIALIZED_AUTOS = YES_AGGRESSIVE;
				GCC_WARN_UNUSED_FUNCTION = YES;
				GCC_WARN_UNUSED_VARIABLE = YES;
				IPHONEOS_DEPLOYMENT_TARGET = 14.5;
				MTL_ENABLE_DEBUG_INFO = INCLUDE_SOURCE;
				MTL_FAST_MATH = YES;
				ONLY_ACTIVE_ARCH = YES;
				SDKROOT = iphoneos;
				SWIFT_ACTIVE_COMPILATION_CONDITIONS = DEBUG;
				SWIFT_OPTIMIZATION_LEVEL = "-Onone";
			};
			name = Debug;
		};
		E484AC062730143600110584 /* Release */ = {
			isa = XCBuildConfiguration;
			buildSettings = {
				ALWAYS_SEARCH_USER_PATHS = NO;
				CLANG_ANALYZER_NONNULL = YES;
				CLANG_ANALYZER_NUMBER_OBJECT_CONVERSION = YES_AGGRESSIVE;
				CLANG_CXX_LANGUAGE_STANDARD = "gnu++14";
				CLANG_CXX_LIBRARY = "libc++";
				CLANG_ENABLE_MODULES = YES;
				CLANG_ENABLE_OBJC_ARC = YES;
				CLANG_ENABLE_OBJC_WEAK = YES;
				CLANG_WARN_BLOCK_CAPTURE_AUTORELEASING = YES;
				CLANG_WARN_BOOL_CONVERSION = YES;
				CLANG_WARN_COMMA = YES;
				CLANG_WARN_CONSTANT_CONVERSION = YES;
				CLANG_WARN_DEPRECATED_OBJC_IMPLEMENTATIONS = YES;
				CLANG_WARN_DIRECT_OBJC_ISA_USAGE = YES_ERROR;
				CLANG_WARN_DOCUMENTATION_COMMENTS = YES;
				CLANG_WARN_EMPTY_BODY = YES;
				CLANG_WARN_ENUM_CONVERSION = YES;
				CLANG_WARN_INFINITE_RECURSION = YES;
				CLANG_WARN_INT_CONVERSION = YES;
				CLANG_WARN_NON_LITERAL_NULL_CONVERSION = YES;
				CLANG_WARN_OBJC_IMPLICIT_RETAIN_SELF = YES;
				CLANG_WARN_OBJC_LITERAL_CONVERSION = YES;
				CLANG_WARN_OBJC_ROOT_CLASS = YES_ERROR;
				CLANG_WARN_QUOTED_INCLUDE_IN_FRAMEWORK_HEADER = YES;
				CLANG_WARN_RANGE_LOOP_ANALYSIS = YES;
				CLANG_WARN_STRICT_PROTOTYPES = YES;
				CLANG_WARN_SUSPICIOUS_MOVE = YES;
				CLANG_WARN_UNGUARDED_AVAILABILITY = YES_AGGRESSIVE;
				CLANG_WARN_UNREACHABLE_CODE = YES;
				CLANG_WARN__DUPLICATE_METHOD_MATCH = YES;
				COPY_PHASE_STRIP = NO;
				DEBUG_INFORMATION_FORMAT = "dwarf-with-dsym";
				ENABLE_NS_ASSERTIONS = NO;
				ENABLE_STRICT_OBJC_MSGSEND = YES;
				GCC_C_LANGUAGE_STANDARD = gnu11;
				GCC_NO_COMMON_BLOCKS = YES;
				GCC_WARN_64_TO_32_BIT_CONVERSION = YES;
				GCC_WARN_ABOUT_RETURN_TYPE = YES_ERROR;
				GCC_WARN_UNDECLARED_SELECTOR = YES;
				GCC_WARN_UNINITIALIZED_AUTOS = YES_AGGRESSIVE;
				GCC_WARN_UNUSED_FUNCTION = YES;
				GCC_WARN_UNUSED_VARIABLE = YES;
				IPHONEOS_DEPLOYMENT_TARGET = 14.5;
				MTL_ENABLE_DEBUG_INFO = NO;
				MTL_FAST_MATH = YES;
				SDKROOT = iphoneos;
				SWIFT_COMPILATION_MODE = wholemodule;
				SWIFT_OPTIMIZATION_LEVEL = "-O";
				VALIDATE_PRODUCT = YES;
			};
			name = Release;
		};
		E484AC082730143600110584 /* Debug */ = {
			isa = XCBuildConfiguration;
			buildSettings = {
				ASSETCATALOG_COMPILER_APPICON_NAME = AppIcon;
				ASSETCATALOG_COMPILER_GLOBAL_ACCENT_COLOR_NAME = AccentColor;
				CODE_SIGN_STYLE = Automatic;
				DEVELOPMENT_ASSET_PATHS = "\"Facebook/Preview Content\"";
				DEVELOPMENT_TEAM = 5MSB2Y5YH2;
				ENABLE_PREVIEWS = YES;
				INFOPLIST_FILE = Facebook/Info.plist;
				LD_RUNPATH_SEARCH_PATHS = (
					"$(inherited)",
					"@executable_path/Frameworks",
				);
				PRODUCT_BUNDLE_IDENTIFIER = pdp.uz.Facebook;
				PRODUCT_NAME = "$(TARGET_NAME)";
				SWIFT_VERSION = 5.0;
				TARGETED_DEVICE_FAMILY = "1,2";
			};
			name = Debug;
		};
		E484AC092730143600110584 /* Release */ = {
			isa = XCBuildConfiguration;
			buildSettings = {
				ASSETCATALOG_COMPILER_APPICON_NAME = AppIcon;
				ASSETCATALOG_COMPILER_GLOBAL_ACCENT_COLOR_NAME = AccentColor;
				CODE_SIGN_STYLE = Automatic;
				DEVELOPMENT_ASSET_PATHS = "\"Facebook/Preview Content\"";
				DEVELOPMENT_TEAM = 5MSB2Y5YH2;
				ENABLE_PREVIEWS = YES;
				INFOPLIST_FILE = Facebook/Info.plist;
				LD_RUNPATH_SEARCH_PATHS = (
					"$(inherited)",
					"@executable_path/Frameworks",
				);
				PRODUCT_BUNDLE_IDENTIFIER = pdp.uz.Facebook;
				PRODUCT_NAME = "$(TARGET_NAME)";
				SWIFT_VERSION = 5.0;
				TARGETED_DEVICE_FAMILY = "1,2";
			};
			name = Release;
		};
/* End XCBuildConfiguration section */

/* Begin XCConfigurationList section */
		E484ABEB2730143500110584 /* Build configuration list for PBXProject "Facebook" */ = {
			isa = XCConfigurationList;
			buildConfigurations = (
				E484AC052730143600110584 /* Debug */,
				E484AC062730143600110584 /* Release */,
			);
			defaultConfigurationIsVisible = 0;
			defaultConfigurationName = Release;
		};
		E484AC072730143600110584 /* Build configuration list for PBXNativeTarget "Facebook" */ = {
			isa = XCConfigurationList;
			buildConfigurations = (
				E484AC082730143600110584 /* Debug */,
				E484AC092730143600110584 /* Release */,
			);
			defaultConfigurationIsVisible = 0;
			defaultConfigurationName = Release;
		};
/* End XCConfigurationList section */

/* Begin XCVersionGroup section */
		E484ABF92730143600110584 /* Facebook.xcdatamodeld */ = {
			isa = XCVersionGroup;
			children = (
				E484ABFA2730143600110584 /* Facebook.xcdatamodel */,
			);
			currentVersion = E484ABFA2730143600110584 /* Facebook.xcdatamodel */;
			path = Facebook.xcdatamodeld;
			sourceTree = "<group>";
			versionGroupType = wrapper.xcdatamodel;
		};
/* End XCVersionGroup section */
	};
	rootObject = E484ABE82730143500110584 /* Project object */;
}
